// !$*UTF8*$!
{
	archiveVersion = 1;
	classes = {
	};
	objectVersion = 46;
	objects = {

/* Begin PBXBuildFile section */
		8FBA43C91CE0A21300A9E9F0 /* OpenGL.framework in Frameworks */ = {isa = PBXBuildFile; fileRef = 8FBA43C81CE0A21300A9E9F0 /* OpenGL.framework */; };
		8FCC0CF01CDCAFE200F78FEE /* Game.cpp in Sources */ = {isa = PBXBuildFile; fileRef = 8FCC0CEE1CDCAFE200F78FEE /* Game.cpp */; };
		8FCC0CF61CDCB6D800F78FEE /* Window.cpp in Sources */ = {isa = PBXBuildFile; fileRef = 8FCC0CF41CDCB6D800F78FEE /* Window.cpp */; };
		8FE55E7B1CDC8E1A00321D58 /* JSLib.cpp in Sources */ = {isa = PBXBuildFile; fileRef = 8FE55E781CDC8E1A00321D58 /* JSLib.cpp */; };
/* End PBXBuildFile section */

/* Begin PBXFileReference section */
		8FBA43C81CE0A21300A9E9F0 /* OpenGL.framework */ = {isa = PBXFileReference; lastKnownFileType = wrapper.framework; name = OpenGL.framework; path = System/Library/Frameworks/OpenGL.framework; sourceTree = SDKROOT; };
		8FBA43CA1CE0A4BB00A9E9F0 /* JSLib_OpenGL.hpp */ = {isa = PBXFileReference; lastKnownFileType = sourcecode.cpp.h; path = JSLib_OpenGL.hpp; sourceTree = "<group>"; };
		8FCC0CED1CDCAD4800F78FEE /* JSLib_Export.hpp */ = {isa = PBXFileReference; lastKnownFileType = sourcecode.cpp.h; path = JSLib_Export.hpp; sourceTree = "<group>"; };
		8FCC0CEE1CDCAFE200F78FEE /* Game.cpp */ = {isa = PBXFileReference; fileEncoding = 4; lastKnownFileType = sourcecode.cpp.cpp; path = Game.cpp; sourceTree = "<group>"; };
		8FCC0CEF1CDCAFE200F78FEE /* Game.hpp */ = {isa = PBXFileReference; fileEncoding = 4; lastKnownFileType = sourcecode.cpp.h; path = Game.hpp; sourceTree = "<group>"; };
		8FCC0CF41CDCB6D800F78FEE /* Window.cpp */ = {isa = PBXFileReference; fileEncoding = 4; lastKnownFileType = sourcecode.cpp.cpp; path = Window.cpp; sourceTree = "<group>"; };
		8FCC0CF51CDCB6D800F78FEE /* Window.hpp */ = {isa = PBXFileReference; fileEncoding = 4; lastKnownFileType = sourcecode.cpp.h; path = Window.hpp; sourceTree = "<group>"; };
		8FE55E631CDC8D8500321D58 /* libJSLib.dylib */ = {isa = PBXFileReference; explicitFileType = "compiled.mach-o.dylib"; includeInIndex = 0; path = libJSLib.dylib; sourceTree = BUILT_PRODUCTS_DIR; };
		8FE55E781CDC8E1A00321D58 /* JSLib.cpp */ = {isa = PBXFileReference; fileEncoding = 4; lastKnownFileType = sourcecode.cpp.cpp; path = JSLib.cpp; sourceTree = "<group>"; };
		8FE55E791CDC8E1A00321D58 /* JSLib.hpp */ = {isa = PBXFileReference; fileEncoding = 4; lastKnownFileType = sourcecode.cpp.h; path = JSLib.hpp; sourceTree = "<group>"; };
		8FE55E7A1CDC8E1A00321D58 /* JSLibPriv.hpp */ = {isa = PBXFileReference; fileEncoding = 4; lastKnownFileType = sourcecode.cpp.h; path = JSLibPriv.hpp; sourceTree = "<group>"; };
/* End PBXFileReference section */

/* Begin PBXFrameworksBuildPhase section */
		8FE55E601CDC8D8500321D58 /* Frameworks */ = {
			isa = PBXFrameworksBuildPhase;
			buildActionMask = 2147483647;
			files = (
				8FBA43C91CE0A21300A9E9F0 /* OpenGL.framework in Frameworks */,
			);
			runOnlyForDeploymentPostprocessing = 0;
		};
/* End PBXFrameworksBuildPhase section */

/* Begin PBXGroup section */
		8FCC0CF31CDCB2D500F78FEE /* Linked Libraries */ = {
			isa = PBXGroup;
			children = (
				8FBA43C81CE0A21300A9E9F0 /* OpenGL.framework */,
			);
			name = "Linked Libraries";
			sourceTree = "<group>";
		};
		8FE55E5A1CDC8D8500321D58 = {
			isa = PBXGroup;
			children = (
				8FE55E771CDC8E0100321D58 /* Source */,
				8FCC0CF31CDCB2D500F78FEE /* Linked Libraries */,
				8FE55E641CDC8D8500321D58 /* Products */,
			);
			sourceTree = "<group>";
		};
		8FE55E641CDC8D8500321D58 /* Products */ = {
			isa = PBXGroup;
			children = (
				8FE55E631CDC8D8500321D58 /* libJSLib.dylib */,
			);
			name = Products;
			sourceTree = "<group>";
		};
		8FE55E771CDC8E0100321D58 /* Source */ = {
			isa = PBXGroup;
			children = (
				8FCC0CED1CDCAD4800F78FEE /* JSLib_Export.hpp */,
				8FBA43CA1CE0A4BB00A9E9F0 /* JSLib_OpenGL.hpp */,
				8FE55E781CDC8E1A00321D58 /* JSLib.cpp */,
				8FE55E791CDC8E1A00321D58 /* JSLib.hpp */,
				8FE55E7A1CDC8E1A00321D58 /* JSLibPriv.hpp */,
				8FCC0CEE1CDCAFE200F78FEE /* Game.cpp */,
				8FCC0CEF1CDCAFE200F78FEE /* Game.hpp */,
				8FCC0CF41CDCB6D800F78FEE /* Window.cpp */,
				8FCC0CF51CDCB6D800F78FEE /* Window.hpp */,
			);
			name = Source;
			sourceTree = "<group>";
		};
/* End PBXGroup section */

/* Begin PBXNativeTarget section */
		8FE55E621CDC8D8500321D58 /* JSLib */ = {
			isa = PBXNativeTarget;
			buildConfigurationList = 8FE55E6E1CDC8D8500321D58 /* Build configuration list for PBXNativeTarget "JSLib" */;
			buildPhases = (
				8FE55E5F1CDC8D8500321D58 /* Sources */,
				8FE55E601CDC8D8500321D58 /* Frameworks */,
				8FE55E811CDC904900321D58 /* Copy headers while preserving the directory structure */,
			);
			buildRules = (
			);
			dependencies = (
			);
			name = JSLib;
			productName = JSLib;
			productReference = 8FE55E631CDC8D8500321D58 /* libJSLib.dylib */;
			productType = "com.apple.product-type.library.dynamic";
		};
/* End PBXNativeTarget section */

/* Begin PBXProject section */
		8FE55E5B1CDC8D8500321D58 /* Project object */ = {
			isa = PBXProject;
			attributes = {
				LastUpgradeCheck = 0720;
				ORGANIZATIONNAME = "Johannes Stieglitz";
				TargetAttributes = {
					8FE55E621CDC8D8500321D58 = {
						CreatedOnToolsVersion = 7.2.1;
					};
				};
			};
			buildConfigurationList = 8FE55E5E1CDC8D8500321D58 /* Build configuration list for PBXProject "JSLib" */;
			compatibilityVersion = "Xcode 3.2";
			developmentRegion = English;
			hasScannedForEncodings = 0;
			knownRegions = (
				en,
			);
			mainGroup = 8FE55E5A1CDC8D8500321D58;
			productRefGroup = 8FE55E641CDC8D8500321D58 /* Products */;
			projectDirPath = "";
			projectRoot = "";
			targets = (
				8FE55E621CDC8D8500321D58 /* JSLib */,
			);
		};
/* End PBXProject section */

/* Begin PBXShellScriptBuildPhase section */
		8FE55E811CDC904900321D58 /* Copy headers while preserving the directory structure */ = {
			isa = PBXShellScriptBuildPhase;
			buildActionMask = 2147483647;
			files = (
			);
			inputPaths = (
			);
			name = "Copy headers while preserving the directory structure";
			outputPaths = (
			);
			runOnlyForDeploymentPostprocessing = 0;
			shellPath = /bin/sh;
			shellScript = "# Copy headers while preserving the directory structure\n\nDIR=${BUILD_DIR}/${CONFIGURATION}/${PROJECT_NAME}\nmkdir -p \"${DIR}\"\n#cd ${PROJECT_NAME}\nfind . -name '*.hpp' -print | cpio -pdm \"${DIR}\"";
		};
/* End PBXShellScriptBuildPhase section */

/* Begin PBXSourcesBuildPhase section */
		8FE55E5F1CDC8D8500321D58 /* Sources */ = {
			isa = PBXSourcesBuildPhase;
			buildActionMask = 2147483647;
			files = (
				8FE55E7B1CDC8E1A00321D58 /* JSLib.cpp in Sources */,
				8FCC0CF61CDCB6D800F78FEE /* Window.cpp in Sources */,
				8FCC0CF01CDCAFE200F78FEE /* Game.cpp in Sources */,
			);
			runOnlyForDeploymentPostprocessing = 0;
		};
/* End PBXSourcesBuildPhase section */

/* Begin XCBuildConfiguration section */
		8FE55E6C1CDC8D8500321D58 /* Debug */ = {
			isa = XCBuildConfiguration;
			buildSettings = {
				ALWAYS_SEARCH_USER_PATHS = NO;
				CLANG_CXX_LANGUAGE_STANDARD = "gnu++0x";
				CLANG_CXX_LIBRARY = "libc++";
				CLANG_ENABLE_MODULES = YES;
				CLANG_ENABLE_OBJC_ARC = YES;
				CLANG_WARN_BOOL_CONVERSION = YES;
				CLANG_WARN_CONSTANT_CONVERSION = YES;
				CLANG_WARN_DIRECT_OBJC_ISA_USAGE = YES_ERROR;
				CLANG_WARN_EMPTY_BODY = YES;
				CLANG_WARN_ENUM_CONVERSION = YES;
				CLANG_WARN_INT_CONVERSION = YES;
				CLANG_WARN_OBJC_ROOT_CLASS = YES_ERROR;
				CLANG_WARN_UNREACHABLE_CODE = YES;
				CLANG_WARN__DUPLICATE_METHOD_MATCH = YES;
				CODE_SIGN_IDENTITY = "-";
				COPY_PHASE_STRIP = NO;
				DEBUG_INFORMATION_FORMAT = dwarf;
				ENABLE_STRICT_OBJC_MSGSEND = YES;
				ENABLE_TESTABILITY = YES;
				GCC_C_LANGUAGE_STANDARD = gnu99;
				GCC_DYNAMIC_NO_PIC = NO;
				GCC_NO_COMMON_BLOCKS = YES;
				GCC_OPTIMIZATION_LEVEL = 0;
				GCC_PREPROCESSOR_DEFINITIONS = (
					"DEBUG=1",
					"$(inherited)",
				);
				GCC_WARN_64_TO_32_BIT_CONVERSION = YES;
				GCC_WARN_ABOUT_RETURN_TYPE = YES_ERROR;
				GCC_WARN_UNDECLARED_SELECTOR = YES;
				GCC_WARN_UNINITIALIZED_AUTOS = YES_AGGRESSIVE;
				GCC_WARN_UNUSED_FUNCTION = YES;
				GCC_WARN_UNUSED_VARIABLE = YES;
				HEADER_SEARCH_PATHS = "$(Developer_IncludePath)";
				INSTALL_PATH = "@rpath";
				LIBRARY_SEARCH_PATHS = "$(Developer_LibraryPath)";
				MACOSX_DEPLOYMENT_TARGET = 10.10;
				MTL_ENABLE_DEBUG_INFO = YES;
				ONLY_ACTIVE_ARCH = YES;
				SDKROOT = macosx;
			};
			name = Debug;
		};
		8FE55E6D1CDC8D8500321D58 /* Release */ = {
			isa = XCBuildConfiguration;
			buildSettings = {
				ALWAYS_SEARCH_USER_PATHS = NO;
				CLANG_CXX_LANGUAGE_STANDARD = "gnu++0x";
				CLANG_CXX_LIBRARY = "libc++";
				CLANG_ENABLE_MODULES = YES;
				CLANG_ENABLE_OBJC_ARC = YES;
				CLANG_WARN_BOOL_CONVERSION = YES;
				CLANG_WARN_CONSTANT_CONVERSION = YES;
				CLANG_WARN_DIRECT_OBJC_ISA_USAGE = YES_ERROR;
				CLANG_WARN_EMPTY_BODY = YES;
				CLANG_WARN_ENUM_CONVERSION = YES;
				CLANG_WARN_INT_CONVERSION = YES;
				CLANG_WARN_OBJC_ROOT_CLASS = YES_ERROR;
				CLANG_WARN_UNREACHABLE_CODE = YES;
				CLANG_WARN__DUPLICATE_METHOD_MATCH = YES;
				CODE_SIGN_IDENTITY = "-";
				COPY_PHASE_STRIP = NO;
				DEBUG_INFORMATION_FORMAT = "dwarf-with-dsym";
				ENABLE_NS_ASSERTIONS = NO;
				ENABLE_STRICT_OBJC_MSGSEND = YES;
				GCC_C_LANGUAGE_STANDARD = gnu99;
				GCC_NO_COMMON_BLOCKS = YES;
				GCC_WARN_64_TO_32_BIT_CONVERSION = YES;
				GCC_WARN_ABOUT_RETURN_TYPE = YES_ERROR;
				GCC_WARN_UNDECLARED_SELECTOR = YES;
				GCC_WARN_UNINITIALIZED_AUTOS = YES_AGGRESSIVE;
				GCC_WARN_UNUSED_FUNCTION = YES;
				GCC_WARN_UNUSED_VARIABLE = YES;
				HEADER_SEARCH_PATHS = "$(Developer_IncludePath)";
				INSTALL_PATH = "@rpath";
				LIBRARY_SEARCH_PATHS = "$(Developer_LibraryPath)";
				MACOSX_DEPLOYMENT_TARGET = 10.10;
				MTL_ENABLE_DEBUG_INFO = NO;
				SDKROOT = macosx;
			};
			name = Release;
		};
		8FE55E6F1CDC8D8500321D58 /* Debug */ = {
			isa = XCBuildConfiguration;
			buildSettings = {
				DYLIB_COMPATIBILITY_VERSION = 1;
				DYLIB_CURRENT_VERSION = 1;
				EXECUTABLE_PREFIX = lib;
				GCC_ENABLE_CPP_EXCEPTIONS = YES;
				GCC_ENABLE_CPP_RTTI = YES;
				GCC_PREPROCESSOR_DEFINITIONS = __JSLIB_OPENGL_3_3;
				GCC_SYMBOLS_PRIVATE_EXTERN = YES;
				LIBRARY_SEARCH_PATHS = "$(inherited)";
				OTHER_LDFLAGS = (
					"$(Developer_LibraryPath)/libSDL2.dylib",
					"$(Developer_LibraryPath)/libboost_system-mt.dylib",
					"$(Developer_LibraryPath)/libglbinding.dylib",
				);
				PRODUCT_NAME = "$(TARGET_NAME)";
			};
			name = Debug;
		};
		8FE55E701CDC8D8500321D58 /* Release */ = {
			isa = XCBuildConfiguration;
			buildSettings = {
				DYLIB_COMPATIBILITY_VERSION = 1;
				DYLIB_CURRENT_VERSION = 1;
				EXECUTABLE_PREFIX = lib;
				GCC_ENABLE_CPP_EXCEPTIONS = YES;
				GCC_ENABLE_CPP_RTTI = YES;
				GCC_PREPROCESSOR_DEFINITIONS = __JSLIB_OPENGL_3_3;
				GCC_SYMBOLS_PRIVATE_EXTERN = YES;
				LIBRARY_SEARCH_PATHS = "$(inherited)";
				OTHER_LDFLAGS = (
					"$(Developer_LibraryPath)/libSDL2.dylib",
					"$(Developer_LibraryPath)/libboost_system-mt.dylib",
					"$(Developer_LibraryPath)/libglbinding.dylib",
				);
				PRODUCT_NAME = "$(TARGET_NAME)";
			};
			name = Release;
		};
/* End XCBuildConfiguration section */

/* Begin XCConfigurationList section */
		8FE55E5E1CDC8D8500321D58 /* Build configuration list for PBXProject "JSLib" */ = {
			isa = XCConfigurationList;
			buildConfigurations = (
				8FE55E6C1CDC8D8500321D58 /* Debug */,
				8FE55E6D1CDC8D8500321D58 /* Release */,
			);
			defaultConfigurationIsVisible = 0;
			defaultConfigurationName = Release;
		};
		8FE55E6E1CDC8D8500321D58 /* Build configuration list for PBXNativeTarget "JSLib" */ = {
			isa = XCConfigurationList;
			buildConfigurations = (
				8FE55E6F1CDC8D8500321D58 /* Debug */,
				8FE55E701CDC8D8500321D58 /* Release */,
			);
			defaultConfigurationIsVisible = 0;
			defaultConfigurationName = Release;
		};
/* End XCConfigurationList section */
	};
	rootObject = 8FE55E5B1CDC8D8500321D58 /* Project object */;
}
